
Microsoft Visual Studio Solution File, Format Version 12.00
# Visual Studio Version 16
VisualStudioVersion = 16.0.32002.261
MinimumVisualStudioVersion = 10.0.40219.1
Project("{FAE04EC0-301F-11D3-BF4B-00C04F79EFBC}") = "Airlines-Management", "Airlines-Management\Airlines-Management.csproj", "{56AFE20B-02C7-44F7-AF07-427591323FD7}"
EndProject
Global
	GlobalSection(SolutionConfigurationPlatforms) = preSolution
		Debug|Any CPU = Debug|Any CPU
		Release|Any CPU = Release|Any CPU
	EndGlobalSection
	GlobalSection(ProjectConfigurationPlatforms) = postSolution
		{56AFE20B-02C7-44F7-AF07-427591323FD7}.Debug|Any CPU.ActiveCfg = Debug|Any CPU
		{56AFE20B-02C7-44F7-AF07-427591323FD7}.Debug|Any CPU.Build.0 = Debug|Any CPU
		{56AFE20B-02C7-44F7-AF07-427591323FD7}.Release|Any CPU.ActiveCfg = Release|Any CPU
		{56AFE20B-02C7-44F7-AF07-427591323FD7}.Release|Any CPU.Build.0 = Release|Any CPU
	EndGlobalSection
	GlobalSection(SolutionProperties) = preSolution
		HideSolutionNode = FALSE
	EndGlobalSection
	GlobalSection(ExtensibilityGlobals) = postSolution
		SolutionGuid = {A0283296-9889-437B-AFBD-620F0CB0C7FB}
	EndGlobalSection
EndGlobal
